{
  "name": "fork-awesome",
  "version": "0.4.7",
  "lockfileVersion": 1,
  "requires": true,
  "dependencies": {
    "amdefine": {
      "version": "1.0.1",
      "resolved": "https://registry.npmjs.org/amdefine/-/amdefine-1.0.1.tgz",
      "integrity": "sha1-SlKCrBZHKek2Gbz9OtFR+BfOkfU=",
      "dev": true
    },
    "clean-css": {
      "version": "3.4.28",
      "resolved": "https://registry.npmjs.org/clean-css/-/clean-css-3.4.28.tgz",
      "integrity": "sha1-vxlF6C/ICPVWlebd6uwBQA79A/8=",
      "dev": true,
      "requires": {
        "commander": "2.8.1",
        "source-map": "0.4.4"
      }
    },
    "commander": {
      "version": "2.8.1",
      "resolved": "https://registry.npmjs.org/commander/-/commander-2.8.1.tgz",
      "integrity": "sha1-Br42f+v9oMMwqh4qBy09yXYkJdQ=",
      "dev": true,
      "requires": {
        "graceful-readlink": "1.0.1"
      }
    },
    "graceful-readlink": {
      "version": "1.0.1",
      "resolved": "https://registry.npmjs.org/graceful-readlink/-/graceful-readlink-1.0.1.tgz",
      "integrity": "sha1-TK+tdrxi8C+gObL5Tpo906ORpyU=",
      "dev": true
    },
    "less-plugin-clean-css": {
      "version": "1.5.1",
      "resolved": "https://registry.npmjs.org/less-plugin-clean-css/-/less-plugin-clean-css-1.5.1.tgz",
      "integrity": "sha1-zFeveqM5iVflbezr5jy2DCNClwM=",
      "dev": true,
      "requires": {
        "clean-css": "3.4.28"
      }
    },
    "source-map": {
      "version": "0.4.4",
      "resolved": "https://registry.npmjs.org/source-map/-/source-map-0.4.4.tgz",
      "integrity": "sha1-66T12pwNyZneaAMti092FzZSA2s=",
      "dev": true,
      "requires": {
        "amdefine": "1.0.1"
      }
    }
  }
}
